// !$*UTF8*$!
{
	archiveVersion = 1;
	classes = {
	};
	objectVersion = 46;
	objects = {

/* Begin PBXBuildFile section */
		324781A31A9EE46E008D77A1 /* AppDelegate.swift in Sources */ = {isa = PBXBuildFile; fileRef = 324781A21A9EE46E008D77A1 /* AppDelegate.swift */; };
		324781A51A9EE46E008D77A1 /* ViewController.swift in Sources */ = {isa = PBXBuildFile; fileRef = 324781A41A9EE46E008D77A1 /* ViewController.swift */; };
		324781A81A9EE46E008D77A1 /* Main.storyboard in Resources */ = {isa = PBXBuildFile; fileRef = 324781A61A9EE46E008D77A1 /* Main.storyboard */; };
		324781AA1A9EE46E008D77A1 /* Images.xcassets in Resources */ = {isa = PBXBuildFile; fileRef = 324781A91A9EE46E008D77A1 /* Images.xcassets */; };
		324781AD1A9EE46E008D77A1 /* LaunchScreen.xib in Resources */ = {isa = PBXBuildFile; fileRef = 324781AB1A9EE46E008D77A1 /* LaunchScreen.xib */; };
		324781B91A9EE46E008D77A1 /* MapProjectATests.swift in Sources */ = {isa = PBXBuildFile; fileRef = 324781B81A9EE46E008D77A1 /* MapProjectATests.swift */; };
/* End PBXBuildFile section */

/* Begin PBXContainerItemProxy section */
		324781B31A9EE46E008D77A1 /* PBXContainerItemProxy */ = {
			isa = PBXContainerItemProxy;
			containerPortal = 324781951A9EE46E008D77A1 /* Project object */;
			proxyType = 1;
			remoteGlobalIDString = 3247819C1A9EE46E008D77A1;
			remoteInfo = MapProjectA;
		};
/* End PBXContainerItemProxy section */

/* Begin PBXFileReference section */
		3247819D1A9EE46E008D77A1 /* MapProjectA.app */ = {isa = PBXFileReference; explicitFileType = wrapper.application; includeInIndex = 0; path = MapProjectA.app; sourceTree = BUILT_PRODUCTS_DIR; };
		324781A11A9EE46E008D77A1 /* Info.plist */ = {isa = PBXFileReference; lastKnownFileType = text.plist.xml; path = Info.plist; sourceTree = "<group>"; };
		324781A21A9EE46E008D77A1 /* AppDelegate.swift */ = {isa = PBXFileReference; lastKnownFileType = sourcecode.swift; path = AppDelegate.swift; sourceTree = "<group>"; };
		324781A41A9EE46E008D77A1 /* ViewController.swift */ = {isa = PBXFileReference; lastKnownFileType = sourcecode.swift; path = ViewController.swift; sourceTree = "<group>"; };
		324781A71A9EE46E008D77A1 /* Base */ = {isa = PBXFileReference; lastKnownFileType = file.storyboard; name = Base; path = Base.lproj/Main.storyboard; sourceTree = "<group>"; };
		324781A91A9EE46E008D77A1 /* Images.xcassets */ = {isa = PBXFileReference; lastKnownFileType = folder.assetcatalog; path = Images.xcassets; sourceTree = "<group>"; };
		324781AC1A9EE46E008D77A1 /* Base */ = {isa = PBXFileReference; lastKnownFileType = file.xib; name = Base; path = Base.lproj/LaunchScreen.xib; sourceTree = "<group>"; };
		324781B21A9EE46E008D77A1 /* MapProjectATests.xctest */ = {isa = PBXFileReference; explicitFileType = wrapper.cfbundle; includeInIndex = 0; path = MapProjectATests.xctest; sourceTree = BUILT_PRODUCTS_DIR; };
		324781B71A9EE46E008D77A1 /* Info.plist */ = {isa = PBXFileReference; lastKnownFileType = text.plist.xml; path = Info.plist; sourceTree = "<group>"; };
		324781B81A9EE46E008D77A1 /* MapProjectATests.swift */ = {isa = PBXFileReference; lastKnownFileType = sourcecode.swift; path = MapProjectATests.swift; sourceTree = "<group>"; };
/* End PBXFileReference section */

/* Begin PBXFrameworksBuildPhase section */
		3247819A1A9EE46E008D77A1 /* Frameworks */ = {
			isa = PBXFrameworksBuildPhase;
			buildActionMask = 2147483647;
			files = (
			);
			runOnlyForDeploymentPostprocessing = 0;
		};
		324781AF1A9EE46E008D77A1 /* Frameworks */ = {
			isa = PBXFrameworksBuildPhase;
			buildActionMask = 2147483647;
			files = (
			);
			runOnlyForDeploymentPostprocessing = 0;
		};
/* End PBXFrameworksBuildPhase section */

/* Begin PBXGroup section */
		324781941A9EE46E008D77A1 = {
			isa = PBXGroup;
			children = (
				3247819F1A9EE46E008D77A1 /* MapProjectA */,
				324781B51A9EE46E008D77A1 /* MapProjectATests */,
				3247819E1A9EE46E008D77A1 /* Products */,
			);
			sourceTree = "<group>";
		};
		3247819E1A9EE46E008D77A1 /* Products */ = {
			isa = PBXGroup;
			children = (
				3247819D1A9EE46E008D77A1 /* MapProjectA.app */,
				324781B21A9EE46E008D77A1 /* MapProjectATests.xctest */,
			);
			name = Products;
			sourceTree = "<group>";
		};
		3247819F1A9EE46E008D77A1 /* MapProjectA */ = {
			isa = PBXGroup;
			children = (
				324781A21A9EE46E008D77A1 /* AppDelegate.swift */,
				324781A41A9EE46E008D77A1 /* ViewController.swift */,
				324781A61A9EE46E008D77A1 /* Main.storyboard */,
				324781A91A9EE46E008D77A1 /* Images.xcassets */,
				324781AB1A9EE46E008D77A1 /* LaunchScreen.xib */,
				324781A01A9EE46E008D77A1 /* Supporting Files */,
			);
			path = MapProjectA;
			sourceTree = "<group>";
		};
		324781A01A9EE46E008D77A1 /* Supporting Files */ = {
			isa = PBXGroup;
			children = (
				324781A11A9EE46E008D77A1 /* Info.plist */,
			);
			name = "Supporting Files";
			sourceTree = "<group>";
		};
		324781B51A9EE46E008D77A1 /* MapProjectATests */ = {
			isa = PBXGroup;
			children = (
				324781B81A9EE46E008D77A1 /* MapProjectATests.swift */,
				324781B61A9EE46E008D77A1 /* Supporting Files */,
			);
			path = MapProjectATests;
			sourceTree = "<group>";
		};
		324781B61A9EE46E008D77A1 /* Supporting Files */ = {
			isa = PBXGroup;
			children = (
				324781B71A9EE46E008D77A1 /* Info.plist */,
			);
			name = "Supporting Files";
			sourceTree = "<group>";
		};
/* End PBXGroup section */

/* Begin PBXNativeTarget section */
		3247819C1A9EE46E008D77A1 /* MapProjectA */ = {
			isa = PBXNativeTarget;
			buildConfigurationList = 324781BC1A9EE46E008D77A1 /* Build configuration list for PBXNativeTarget "MapProjectA" */;
			buildPhases = (
				324781991A9EE46E008D77A1 /* Sources */,
				3247819A1A9EE46E008D77A1 /* Frameworks */,
				3247819B1A9EE46E008D77A1 /* Resources */,
			);
			buildRules = (
			);
			dependencies = (
			);
			name = MapProjectA;
			productName = MapProjectA;
			productReference = 3247819D1A9EE46E008D77A1 /* MapProjectA.app */;
			productType = "com.apple.product-type.application";
		};
		324781B11A9EE46E008D77A1 /* MapProjectATests */ = {
			isa = PBXNativeTarget;
			buildConfigurationList = 324781BF1A9EE46E008D77A1 /* Build configuration list for PBXNativeTarget "MapProjectATests" */;
			buildPhases = (
				324781AE1A9EE46E008D77A1 /* Sources */,
				324781AF1A9EE46E008D77A1 /* Frameworks */,
				324781B01A9EE46E008D77A1 /* Resources */,
			);
			buildRules = (
			);
			dependencies = (
				324781B41A9EE46E008D77A1 /* PBXTargetDependency */,
			);
			name = MapProjectATests;
			productName = MapProjectATests;
			productReference = 324781B21A9EE46E008D77A1 /* MapProjectATests.xctest */;
			productType = "com.apple.product-type.bundle.unit-test";
		};
/* End PBXNativeTarget section */

/* Begin PBXProject section */
		324781951A9EE46E008D77A1 /* Project object */ = {
			isa = PBXProject;
			attributes = {
				LastUpgradeCheck = 0610;
				ORGANIZATIONNAME = prototype;
				TargetAttributes = {
					3247819C1A9EE46E008D77A1 = {
						CreatedOnToolsVersion = 6.1.1;
					};
					324781B11A9EE46E008D77A1 = {
						CreatedOnToolsVersion = 6.1.1;
						TestTargetID = 3247819C1A9EE46E008D77A1;
					};
				};
			};
			buildConfigurationList = 324781981A9EE46E008D77A1 /* Build configuration list for PBXProject "MapProjectA" */;
			compatibilityVersion = "Xcode 3.2";
			developmentRegion = English;
			hasScannedForEncodings = 0;
			knownRegions = (
				en,
				Base,
			);
			mainGroup = 324781941A9EE46E008D77A1;
			productRefGroup = 3247819E1A9EE46E008D77A1 /* Products */;
			projectDirPath = "";
			projectRoot = "";
			targets = (
				3247819C1A9EE46E008D77A1 /* MapProjectA */,
				324781B11A9EE46E008D77A1 /* MapProjectATests */,
			);
		};
/* End PBXProject section */

/* Begin PBXResourcesBuildPhase section */
		3247819B1A9EE46E008D77A1 /* Resources */ = {
			isa = PBXResourcesBuildPhase;
			buildActionMask = 2147483647;
			files = (
				324781A81A9EE46E008D77A1 /* Main.storyboard in Resources */,
				324781AD1A9EE46E008D77A1 /* LaunchScreen.xib in Resources */,
				324781AA1A9EE46E008D77A1 /* Images.xcassets in Resources */,
			);
			runOnlyForDeploymentPostprocessing = 0;
		};
		324781B01A9EE46E008D77A1 /* Resources */ = {
			isa = PBXResourcesBuildPhase;
			buildActionMask = 2147483647;
			files = (
			);
			runOnlyForDeploymentPostprocessing = 0;
		};
/* End PBXResourcesBuildPhase section */

/* Begin PBXSourcesBuildPhase section */
		324781991A9EE46E008D77A1 /* Sources */ = {
			isa = PBXSourcesBuildPhase;
			buildActionMask = 2147483647;
			files = (
				324781A51A9EE46E008D77A1 /* ViewController.swift in Sources */,
				324781A31A9EE46E008D77A1 /* AppDelegate.swift in Sources */,
			);
			runOnlyForDeploymentPostprocessing = 0;
		};
		324781AE1A9EE46E008D77A1 /* Sources */ = {
			isa = PBXSourcesBuildPhase;
			buildActionMask = 2147483647;
			files = (
				324781B91A9EE46E008D77A1 /* MapProjectATests.swift in Sources */,
			);
			runOnlyForDeploymentPostprocessing = 0;
		};
/* End PBXSourcesBuildPhase section */

/* Begin PBXTargetDependency section */
		324781B41A9EE46E008D77A1 /* PBXTargetDependency */ = {
			isa = PBXTargetDependency;
			target = 3247819C1A9EE46E008D77A1 /* MapProjectA */;
			targetProxy = 324781B31A9EE46E008D77A1 /* PBXContainerItemProxy */;
		};
/* End PBXTargetDependency section */

/* Begin PBXVariantGroup section */
		324781A61A9EE46E008D77A1 /* Main.storyboard */ = {
			isa = PBXVariantGroup;
			children = (
				324781A71A9EE46E008D77A1 /* Base */,
			);
			name = Main.storyboard;
			sourceTree = "<group>";
		};
		324781AB1A9EE46E008D77A1 /* LaunchScreen.xib */ = {
			isa = PBXVariantGroup;
			children = (
				324781AC1A9EE46E008D77A1 /* Base */,
			);
			name = LaunchScreen.xib;
			sourceTree = "<group>";
		};
/* End PBXVariantGroup section */

/* Begin XCBuildConfiguration section */
		324781BA1A9EE46E008D77A1 /* Debug */ = {
			isa = XCBuildConfiguration;
			buildSettings = {
				ALWAYS_SEARCH_USER_PATHS = NO;
				CLANG_CXX_LANGUAGE_STANDARD = "gnu++0x";
				CLANG_CXX_LIBRARY = "libc++";
				CLANG_ENABLE_MODULES = YES;
				CLANG_ENABLE_OBJC_ARC = YES;
				CLANG_WARN_BOOL_CONVERSION = YES;
				CLANG_WARN_CONSTANT_CONVERSION = YES;
				CLANG_WARN_DIRECT_OBJC_ISA_USAGE = YES_ERROR;
				CLANG_WARN_EMPTY_BODY = YES;
				CLANG_WARN_ENUM_CONVERSION = YES;
				CLANG_WARN_INT_CONVERSION = YES;
				CLANG_WARN_OBJC_ROOT_CLASS = YES_ERROR;
				CLANG_WARN_UNREACHABLE_CODE = YES;
				CLANG_WARN__DUPLICATE_METHOD_MATCH = YES;
				"CODE_SIGN_IDENTITY[sdk=iphoneos*]" = "iPhone Developer";
				COPY_PHASE_STRIP = NO;
				ENABLE_STRICT_OBJC_MSGSEND = YES;
				GCC_C_LANGUAGE_STANDARD = gnu99;
				GCC_DYNAMIC_NO_PIC = NO;
				GCC_OPTIMIZATION_LEVEL = 0;
				GCC_PREPROCESSOR_DEFINITIONS = (
					"DEBUG=1",
					"$(inherited)",
				);
				GCC_SYMBOLS_PRIVATE_EXTERN = NO;
				GCC_WARN_64_TO_32_BIT_CONVERSION = YES;
				GCC_WARN_ABOUT_RETURN_TYPE = YES_ERROR;
				GCC_WARN_UNDECLARED_SELECTOR = YES;
				GCC_WARN_UNINITIALIZED_AUTOS = YES_AGGRESSIVE;
				GCC_WARN_UNUSED_FUNCTION = YES;
				GCC_WARN_UNUSED_VARIABLE = YES;
				IPHONEOS_DEPLOYMENT_TARGET = 8.1;
				MTL_ENABLE_DEBUG_INFO = YES;
				ONLY_ACTIVE_ARCH = YES;
				SDKROOT = iphoneos;
				SWIFT_OPTIMIZATION_LEVEL = "-Onone";
				TARGETED_DEVICE_FAMILY = "1,2";
			};
			name = Debug;
		};
		324781BB1A9EE46E008D77A1 /* Release */ = {
			isa = XCBuildConfiguration;
			buildSettings = {
				ALWAYS_SEARCH_USER_PATHS = NO;
				CLANG_CXX_LANGUAGE_STANDARD = "gnu++0x";
				CLANG_CXX_LIBRARY = "libc++";
				CLANG_ENABLE_MODULES = YES;
				CLANG_ENABLE_OBJC_ARC = YES;
				CLANG_WARN_BOOL_CONVERSION = YES;
				CLANG_WARN_CONSTANT_CONVERSION = YES;
				CLANG_WARN_DIRECT_OBJC_ISA_USAGE = YES_ERROR;
				CLANG_WARN_EMPTY_BODY = YES;
				CLANG_WARN_ENUM_CONVERSION = YES;
				CLANG_WARN_INT_CONVERSION = YES;
				CLANG_WARN_OBJC_ROOT_CLASS = YES_ERROR;
				CLANG_WARN_UNREACHABLE_CODE = YES;
				CLANG_WARN__DUPLICATE_METHOD_MATCH = YES;
				"CODE_SIGN_IDENTITY[sdk=iphoneos*]" = "iPhone Developer";
				COPY_PHASE_STRIP = YES;
				ENABLE_NS_ASSERTIONS = NO;
				ENABLE_STRICT_OBJC_MSGSEND = YES;
				GCC_C_LANGUAGE_STANDARD = gnu99;
				GCC_WARN_64_TO_32_BIT_CONVERSION = YES;
				GCC_WARN_ABOUT_RETURN_TYPE = YES_ERROR;
				GCC_WARN_UNDECLARED_SELECTOR = YES;
				GCC_WARN_UNINITIALIZED_AUTOS = YES_AGGRESSIVE;
				GCC_WARN_UNUSED_FUNCTION = YES;
				GCC_WARN_UNUSED_VARIABLE = YES;
				IPHONEOS_DEPLOYMENT_TARGET = 8.1;
				MTL_ENABLE_DEBUG_INFO = NO;
				SDKROOT = iphoneos;
				TARGETED_DEVICE_FAMILY = "1,2";
				VALIDATE_PRODUCT = YES;
			};
			name = Release;
		};
		324781BD1A9EE46E008D77A1 /* Debug */ = {
			isa = XCBuildConfiguration;
			buildSettings = {
				ASSETCATALOG_COMPILER_APPICON_NAME = AppIcon;
				INFOPLIST_FILE = MapProjectA/Info.plist;
				LD_RUNPATH_SEARCH_PATHS = "$(inherited) @executable_path/Frameworks";
				PRODUCT_NAME = "$(TARGET_NAME)";
			};
			name = Debug;
		};
		324781BE1A9EE46E008D77A1 /* Release */ = {
			isa = XCBuildConfiguration;
			buildSettings = {
				ASSETCATALOG_COMPILER_APPICON_NAME = AppIcon;
				INFOPLIST_FILE = MapProjectA/Info.plist;
				LD_RUNPATH_SEARCH_PATHS = "$(inherited) @executable_path/Frameworks";
				PRODUCT_NAME = "$(TARGET_NAME)";
			};
			name = Release;
		};
		324781C01A9EE46E008D77A1 /* Debug */ = {
			isa = XCBuildConfiguration;
			buildSettings = {
				BUNDLE_LOADER = "$(TEST_HOST)";
				FRAMEWORK_SEARCH_PATHS = (
					"$(SDKROOT)/Developer/Library/Frameworks",
					"$(inherited)",
				);
				GCC_PREPROCESSOR_DEFINITIONS = (
					"DEBUG=1",
					"$(inherited)",
				);
				INFOPLIST_FILE = MapProjectATests/Info.plist;
				LD_RUNPATH_SEARCH_PATHS = "$(inherited) @executable_path/Frameworks @loader_path/Frameworks";
				PRODUCT_NAME = "$(TARGET_NAME)";
				TEST_HOST = "$(BUILT_PRODUCTS_DIR)/MapProjectA.app/MapProjectA";
			};
			name = Debug;
		};
		324781C11A9EE46E008D77A1 /* Release */ = {
			isa = XCBuildConfiguration;
			buildSettings = {
				BUNDLE_LOADER = "$(TEST_HOST)";
				FRAMEWORK_SEARCH_PATHS = (
					"$(SDKROOT)/Developer/Library/Frameworks",
					"$(inherited)",
				);
				INFOPLIST_FILE = MapProjectATests/Info.plist;
				LD_RUNPATH_SEARCH_PATHS = "$(inherited) @executable_path/Frameworks @loader_path/Frameworks";
				PRODUCT_NAME = "$(TARGET_NAME)";
				TEST_HOST = "$(BUILT_PRODUCTS_DIR)/MapProjectA.app/MapProjectA";
			};
			name = Release;
		};
/* End XCBuildConfiguration section */

/* Begin XCConfigurationList section */
		324781981A9EE46E008D77A1 /* Build configuration list for PBXProject "MapProjectA" */ = {
			isa = XCConfigurationList;
			buildConfigurations = (
				324781BA1A9EE46E008D77A1 /* Debug */,
				324781BB1A9EE46E008D77A1 /* Release */,
			);
			defaultConfigurationIsVisible = 0;
			defaultConfigurationName = Release;
		};
		324781BC1A9EE46E008D77A1 /* Build configuration list for PBXNativeTarget "MapProjectA" */ = {
			isa = XCConfigurationList;
			buildConfigurations = (
				324781BD1A9EE46E008D77A1 /* Debug */,
				324781BE1A9EE46E008D77A1 /* Release */,
			);
			defaultConfigurationIsVisible = 0;
		};
		324781BF1A9EE46E008D77A1 /* Build configuration list for PBXNativeTarget "MapProjectATests" */ = {
			isa = XCConfigurationList;
			buildConfigurations = (
				324781C01A9EE46E008D77A1 /* Debug */,
				324781C11A9EE46E008D77A1 /* Release */,
			);
			defaultConfigurationIsVisible = 0;
		};
/* End XCConfigurationList section */
	};
	rootObject = 324781951A9EE46E008D77A1 /* Project object */;
}
